{
  "name": "azure-node-todo",
  "version": "0.0.0",
  "lockfileVersion": 1,
  "requires": true,
  "dependencies": {
    "@types/body-parser": {
      "version": "0.0.33",
      "resolved": "https://registry.npmjs.org/@types/body-parser/-/body-parser-0.0.33.tgz",
      "integrity": "sha1-M8oUmPw35Rxd8MgcrjRWnnBB4CU=",
      "dev": true
    },
    "@types/cookie-parser": {
      "version": "1.3.30",
      "resolved": "https://registry.npmjs.org/@types/cookie-parser/-/cookie-parser-1.3.30.tgz",
      "integrity": "sha1-cOSCQIbi8hTbxnT9ki0cJ0RHU5I=",
      "dev": true
    },
    "@types/debug": {
      "version": "0.0.29",
      "resolved": "https://registry.npmjs.org/@types/debug/-/debug-0.0.29.tgz",
      "integrity": "sha1-oeUUrfvZLwOiJLpU1pMRHb8fN1Q=",
      "dev": true
    },
    "@types/express": {
      "version": "4.0.35",
      "resolved": "https://registry.npmjs.org/@types/express/-/express-4.0.35.tgz",
      "integrity": "sha1-YmfHtgpR+sRzRns8SgLNHkQYBf4=",
      "dev": true
    },
    "@types/morgan": {
      "version": "1.7.32",
      "resolved": "https://registry.npmjs.org/@types/morgan/-/morgan-1.7.32.tgz",
      "integrity": "sha1-+rHs5NrhcuGjd9Vj0z42NPoEkn0=",
      "dev": true
    },
    "@types/node": {
      "version": "7.0.5",
      "resolved": "https://registry.npmjs.org/@types/node/-/node-7.0.5.tgz",
      "integrity": "sha1-lqDwphi3tgbx7FR0A8AGUCEL+7c=",
      "dev": true
    },
    "@types/pg": {
      "version": "6.1.36",
      "resolved": "https://registry.npmjs.org/@types/pg/-/pg-6.1.36.tgz",
      "integrity": "sha1-Jva8ahcyTPRV9K8OmCb7wJveuws=",
      "dev": true
    },
    "@types/serve-favicon": {
      "version": "2.2.28",
      "resolved": "https://registry.npmjs.org/@types/serve-favicon/-/serve-favicon-2.2.28.tgz",
      "integrity": "sha1-9ariTq/usgLft5g+J8FSqIEOqrU=",
      "dev": true
    },
    "body-parser": {
      "version": "1.16.0",
      "resolved": "https://registry.npmjs.org/body-parser/-/body-parser-1.16.0.tgz",
      "integrity": "sha1-kkpeRyxiKfudabhaINXyUy3seIs=",
      "dependencies": {
        "debug": {
          "version": "2.6.0",
          "resolved": "https://registry.npmjs.org/debug/-/debug-2.6.0.tgz",
          "integrity": "sha1-vFlryr52F/Edn6FTYe3tVgi4SZs="
        }
      }
    },
    "chai": {
      "version": "3.5.0",
      "resolved": "https://registry.npmjs.org/chai/-/chai-3.5.0.tgz",
      "integrity": "sha1-TQJjewZ/6Vi9v906QOxW/vc3Mkc=",
      "dev": true
    },
    "cookie-parser": {
      "version": "1.4.3",
      "resolved": "https://registry.npmjs.org/cookie-parser/-/cookie-parser-1.4.3.tgz",
      "integrity": "sha1-D+MfoZ0AC5X0qt8fU/3CuKIDuqU="
    },
    "debug": {
      "version": "2.6.9",
      "resolved": "https://registry.npmjs.org/debug/-/debug-2.6.9.tgz",
      "integrity": "sha512-bC7ElrdJaJnPbAP+1EotYvqZsb3ecl5wi6Bfi6BJTUcNowp6cvspg0jXznRTKDjm/E7AdgFBVeAPVMNcKGsHMA==",
      "requires": {
        "ms": "2.0.0"
      },
      "dependencies": {
        "ms": {
          "version": "2.0.0",
          "resolved": "https://registry.npmjs.org/ms/-/ms-2.0.0.tgz",
          "integrity": "sha512-Tpp60P6IUJDTuOq/5Z8cdskzJujfwqfOTkrwIwj7IRISpnkJnT6SyJ4PCPnGMoFjC9ddhal5KVIYtAt97ix05A=="
        }
      }
    },
    "express": {
      "version": "4.14.1",
      "resolved": "https://registry.npmjs.org/express/-/express-4.14.1.tgz",
      "integrity": "sha1-ZGwjf3ZvFIwhIK/wc4F7nk1+DTM=",
      "dependencies": {
        "debug": {
          "version": "2.2.0",
          "resolved": "https://registry.npmjs.org/debug/-/debug-2.2.0.tgz",
          "integrity": "sha1-+HBX6ZWxofauaklgZkE3vFbwOdo="
        },
        "ms": {
          "version": "0.7.1",
          "resolved": "https://registry.npmjs.org/ms/-/ms-0.7.1.tgz",
          "integrity": "sha1-nNE8A62/8ltl7/3nzoZO6VIBcJg="
        },
        "qs": {
          "version": "6.2.0",
          "resolved": "https://registry.npmjs.org/qs/-/qs-6.2.0.tgz",
          "integrity": "sha1-O3hIwDwt7OaalSKw+ujEEm10Xzs="
        }
      }
    },
    "jade": {
      "version": "1.11.0",
      "resolved": "https://registry.npmjs.org/jade/-/jade-1.11.0.tgz",
      "integrity": "sha1-nIDlOMEtP7lcjZu5VZ+gzAQEBf0="
    },
    "mocha": {
      "version": "3.2.0",
      "resolved": "https://registry.npmjs.org/mocha/-/mocha-3.2.0.tgz",
      "integrity": "sha1-fcT0XlCIB1FxpoiWgU5q6et6heM=",
      "dev": true,
      "dependencies": {
        "commander": {
          "version": "2.9.0",
          "resolved": "https://registry.npmjs.org/commander/-/commander-2.9.0.tgz",
          "integrity": "sha1-nJkJQXbhIkDLItbFFGCYQA/g99Q="
        },
        "debug": {
          "version": "2.2.0",
          "resolved": "https://registry.npmjs.org/debug/-/debug-2.2.0.tgz",
          "integrity": "sha1-+HBX6ZWxofauaklgZkE3vFbwOdo="
        },
        "ms": {
          "version": "0.7.1",
          "resolved": "https://registry.npmjs.org/ms/-/ms-0.7.1.tgz",
          "integrity": "sha1-nNE8A62/8ltl7/3nzoZO6VIBcJg="
        }
      }
    },
    "morgan": {
      "version": "1.7.0",
      "resolved": "https://registry.npmjs.org/morgan/-/morgan-1.7.0.tgz",
      "integrity": "sha1-6xDKjlDRq+D409rVwCAdBS2YHGI=",
      "dependencies": {
        "debug": {
          "version": "2.2.0",
          "resolved": "https://registry.npmjs.org/debug/-/debug-2.2.0.tgz",
          "integrity": "sha1-+HBX6ZWxofauaklgZkE3vFbwOdo="
        },
        "ms": {
          "version": "0.7.1",
          "resolved": "https://registry.npmjs.org/ms/-/ms-0.7.1.tgz",
          "integrity": "sha1-nNE8A62/8ltl7/3nzoZO6VIBcJg="
        }
      }
    },
    "pg": {
      "version": "6.1.2",
      "resolved": "https://registry.npmjs.org/pg/-/pg-6.1.2.tgz",
      "integrity": "sha1-LIlqdDRQLiuTjBAPwIW06XShhts="
    },
    "pg-connection-string": {
      "version": "0.1.3",
      "resolved": "https://registry.npmjs.org/pg-connection-string/-/pg-connection-string-0.1.3.tgz",
      "integrity": "sha1-2hhHsglA5C7hSSvq9l1J2RskXfc="
    },
    "rimraf": {
      "version": "2.5.4",
      "resolved": "https://registry.npmjs.org/rimraf/-/rimraf-2.5.4.tgz",
      "integrity": "sha1-loAAk8vxoMhr2VtGJUZ1NcKd+gQ=",
      "dev": true
    },
    "serve-favicon": {
      "version": "2.3.2",
      "resolved": "https://registry.npmjs.org/serve-favicon/-/serve-favicon-2.3.2.tgz",
      "integrity": "sha1-3UGeJo3gEqtysxnTN/IQUBP5OB8="
    },
    "ts-node": {
      "version": "2.1.0",
      "resolved": "https://registry.npmjs.org/ts-node/-/ts-node-2.1.0.tgz",
      "integrity": "sha1-qiv0suJcX7anxUcB7cNmbTqdsl0=",
      "dev": true,
      "dependencies": {
        "diff": {
          "version": "3.3.0",
          "resolved": "https://registry.npmjs.org/diff/-/diff-3.3.0.tgz",
          "integrity": "sha512-w0XZubFWn0Adlsapj9EAWX0FqWdO4tz8kc3RiYdWLh4k/V8PTb6i0SMgXt0vRM3zyKnT8tKO7mUlieRQHIjMNg=="
        },
        "minimist": {
          "version": "1.2.0",
          "resolved": "https://registry.npmjs.org/minimist/-/minimist-1.2.0.tgz",
          "integrity": "sha1-o1AIsg9BOD7sH7kU9M1d95omQoQ="
        }
      }
    },
    "tslint": {
      "version": "4.4.2",
      "resolved": "https://registry.npmjs.org/tslint/-/tslint-4.4.2.tgz",
      "integrity": "sha1-sUy3muA5xyRxq0wmJyJrlA3aGcY=",
      "dev": true,
      "dependencies": {
        "diff": {
          "version": "3.3.0",
          "resolved": "https://registry.npmjs.org/diff/-/diff-3.3.0.tgz",
          "integrity": "sha512-w0XZubFWn0Adlsapj9EAWX0FqWdO4tz8kc3RiYdWLh4k/V8PTb6i0SMgXt0vRM3zyKnT8tKO7mUlieRQHIjMNg=="
        },
        "glob": {
          "version": "7.1.2",
          "resolved": "https://registry.npmjs.org/glob/-/glob-7.1.2.tgz",
          "integrity": "sha512-MJTUg1kjuLeQCJ+ccE4Vpa6kKVXkPYJ2mOCQyUuKLcLQsdrMCpBPUi8qVE6+YuaJkozeA9NusTAw3hLr8Xe5EQ=="
        },
        "optimist": {
          "version": "0.6.1",
          "resolved": "https://registry.npmjs.org/optimist/-/optimist-0.6.1.tgz",
          "integrity": "sha1-2j6nRob6IaGaERwybpDrFaAZZoY="
        }
      }
    },
    "typescript": {
      "version": "2.1.6",
      "resolved": "https://registry.npmjs.org/typescript/-/typescript-2.1.6.tgz",
      "integrity": "sha1-QMfm6eXaeWG3cYtVUF+crJSHpgc=",
      "dev": true
    }
  }
}
